
Microsoft Visual Studio Solution File, Format Version 12.00
# Visual Studio 2013
VisualStudioVersion = 12.0.30501.0
MinimumVisualStudioVersion = 10.0.40219.1
Project("{FAE04EC0-301F-11D3-BF4B-00C04F79EFBC}") = "ZCF", "ZCF\ZCF.csproj", "{48DA1B96-7AC8-4B23-B72E-50E9D4EA8CB5}"
EndProject
Project("{FAE04EC0-301F-11D3-BF4B-00C04F79EFBC}") = "BAL", "LinQ\BAL.csproj", "{C92F5E71-00CE-41F6-9A50-E42F5A24DDB0}"
EndProject
Project("{FAE04EC0-301F-11D3-BF4B-00C04F79EFBC}") = "DAL", "DAL\DAL.csproj", "{C71B0260-F22C-4EB9-BA80-8875BBCB6B00}"
EndProject
Global
	GlobalSection(SolutionConfigurationPlatforms) = preSolution
		CD_ROM|Any CPU = CD_ROM|Any CPU
		Debug|Any CPU = Debug|Any CPU
		DVD-5|Any CPU = DVD-5|Any CPU
		Release|Any CPU = Release|Any CPU
		SingleImage|Any CPU = SingleImage|Any CPU
	EndGlobalSection
	GlobalSection(ProjectConfigurationPlatforms) = postSolution
		{48DA1B96-7AC8-4B23-B72E-50E9D4EA8CB5}.CD_ROM|Any CPU.ActiveCfg = Release|Any CPU
		{48DA1B96-7AC8-4B23-B72E-50E9D4EA8CB5}.CD_ROM|Any CPU.Build.0 = Release|Any CPU
		{48DA1B96-7AC8-4B23-B72E-50E9D4EA8CB5}.Debug|Any CPU.ActiveCfg = Debug|Any CPU
		{48DA1B96-7AC8-4B23-B72E-50E9D4EA8CB5}.Debug|Any CPU.Build.0 = Debug|Any CPU
		{48DA1B96-7AC8-4B23-B72E-50E9D4EA8CB5}.DVD-5|Any CPU.ActiveCfg = Debug|Any CPU
		{48DA1B96-7AC8-4B23-B72E-50E9D4EA8CB5}.DVD-5|Any CPU.Build.0 = Debug|Any CPU
		{48DA1B96-7AC8-4B23-B72E-50E9D4EA8CB5}.Release|Any CPU.ActiveCfg = Release|Any CPU
		{48DA1B96-7AC8-4B23-B72E-50E9D4EA8CB5}.Release|Any CPU.Build.0 = Release|Any CPU
		{48DA1B96-7AC8-4B23-B72E-50E9D4EA8CB5}.SingleImage|Any CPU.ActiveCfg = Release|Any CPU
		{48DA1B96-7AC8-4B23-B72E-50E9D4EA8CB5}.SingleImage|Any CPU.Build.0 = Release|Any CPU
		{C92F5E71-00CE-41F6-9A50-E42F5A24DDB0}.CD_ROM|Any CPU.ActiveCfg = Release|Any CPU
		{C92F5E71-00CE-41F6-9A50-E42F5A24DDB0}.CD_ROM|Any CPU.Build.0 = Release|Any CPU
		{C92F5E71-00CE-41F6-9A50-E42F5A24DDB0}.Debug|Any CPU.ActiveCfg = Debug|Any CPU
		{C92F5E71-00CE-41F6-9A50-E42F5A24DDB0}.Debug|Any CPU.Build.0 = Debug|Any CPU
		{C92F5E71-00CE-41F6-9A50-E42F5A24DDB0}.DVD-5|Any CPU.ActiveCfg = Debug|Any CPU
		{C92F5E71-00CE-41F6-9A50-E42F5A24DDB0}.DVD-5|Any CPU.Build.0 = Debug|Any CPU
		{C92F5E71-00CE-41F6-9A50-E42F5A24DDB0}.Release|Any CPU.ActiveCfg = Release|Any CPU
		{C92F5E71-00CE-41F6-9A50-E42F5A24DDB0}.Release|Any CPU.Build.0 = Release|Any CPU
		{C92F5E71-00CE-41F6-9A50-E42F5A24DDB0}.SingleImage|Any CPU.ActiveCfg = Release|Any CPU
		{C92F5E71-00CE-41F6-9A50-E42F5A24DDB0}.SingleImage|Any CPU.Build.0 = Release|Any CPU
		{C71B0260-F22C-4EB9-BA80-8875BBCB6B00}.CD_ROM|Any CPU.ActiveCfg = Release|Any CPU
		{C71B0260-F22C-4EB9-BA80-8875BBCB6B00}.CD_ROM|Any CPU.Build.0 = Release|Any CPU
		{C71B0260-F22C-4EB9-BA80-8875BBCB6B00}.Debug|Any CPU.ActiveCfg = Debug|Any CPU
		{C71B0260-F22C-4EB9-BA80-8875BBCB6B00}.Debug|Any CPU.Build.0 = Debug|Any CPU
		{C71B0260-F22C-4EB9-BA80-8875BBCB6B00}.DVD-5|Any CPU.ActiveCfg = Debug|Any CPU
		{C71B0260-F22C-4EB9-BA80-8875BBCB6B00}.DVD-5|Any CPU.Build.0 = Debug|Any CPU
		{C71B0260-F22C-4EB9-BA80-8875BBCB6B00}.Release|Any CPU.ActiveCfg = Release|Any CPU
		{C71B0260-F22C-4EB9-BA80-8875BBCB6B00}.Release|Any CPU.Build.0 = Release|Any CPU
		{C71B0260-F22C-4EB9-BA80-8875BBCB6B00}.SingleImage|Any CPU.ActiveCfg = Release|Any CPU
		{C71B0260-F22C-4EB9-BA80-8875BBCB6B00}.SingleImage|Any CPU.Build.0 = Release|Any CPU
	EndGlobalSection
	GlobalSection(SolutionProperties) = preSolution
		HideSolutionNode = FALSE
	EndGlobalSection
EndGlobal
